version = 1
revision = 3
requires-python = "==3.10.*"

[[package]]
name = "cloudpickle"
version = "3.1.2"
source = { registry = "https://pypi.tuna.tsinghua.edu.cn/simple/" }
sdist = { url = "https://pypi.tuna.tsinghua.edu.cn/packages/27/fb/576f067976d320f5f0114a8d9fa1215425441bb35627b1993e5afd8111e5/cloudpickle-3.1.2.tar.gz", hash = "sha256:7fda9eb655c9c230dab534f1983763de5835249750e85fbcef43aaa30a9a2414", size = 22330, upload-time = "2025-11-03T09:25:26.604Z" }
wheels = [
    { url = "https://pypi.tuna.tsinghua.edu.cn/packages/88/39/799be3f2f0f38cc727ee3b4f1445fe6d5e4133064ec2e4115069418a5bb6/cloudpickle-3.1.2-py3-none-any.whl", hash = "sha256:9acb47f6afd73f60dc1df93bb801b472f05ff42fa6c84167d25cb206be1fbf4a", size = 22228, upload-time = "2025-11-03T09:25:25.534Z" },
]

[[package]]
name = "colorama"
version = "0.4.6"
source = { registry = "https://pypi.tuna.tsinghua.edu.cn/simple/" }
sdist = { url = "https://pypi.tuna.tsinghua.edu.cn/packages/d8/53/6f443c9a4a8358a93a6792e2acffb9d9d5cb0a5cfd8802644b7b1c9a02e4/colorama-0.4.6.tar.gz", hash = "sha256:08695f5cb7ed6e0531a20572697297273c47b8cae5a63ffc6d6ed5c201be6e44", size = 27697, upload-time = "2022-10-25T02:36:22.414Z" }
wheels = [
    { url = "https://pypi.tuna.tsinghua.edu.cn/packages/d1/d6/3965ed04c63042e047cb6a3e6ed1a63a35087b6a609aa3a15ed8ac56c221/colorama-0.4.6-py2.py3-none-any.whl", hash = "sha256:4f1d9991f5acc0ca119f9d443620b77f9d6b33703e51011c16baf57afb285fc6", size = 25335, upload-time = "2022-10-25T02:36:20.889Z" },
]

[[package]]
name = "exceptiongroup"
version = "1.3.1"
source = { registry = "https://pypi.tuna.tsinghua.edu.cn/simple/" }
dependencies = [
    { name = "typing-extensions" },
]
sdist = { url = "https://pypi.tuna.tsinghua.edu.cn/packages/50/79/66800aadf48771f6b62f7eb014e352e5d06856655206165d775e675a02c9/exceptiongroup-1.3.1.tar.gz", hash = "sha256:8b412432c6055b0b7d14c310000ae93352ed6754f70fa8f7c34141f91c4e3219", size = 30371, upload-time = "2025-11-21T23:01:54.787Z" }
wheels = [
    { url = "https://pypi.tuna.tsinghua.edu.cn/packages/8a/0e/97c33bf5009bdbac74fd2beace167cab3f978feb69cc36f1ef79360d6c4e/exceptiongroup-1.3.1-py3-none-any.whl", hash = "sha256:a7a39a3bd276781e98394987d3a5701d0c4edffb633bb7a5144577f82c773598", size = 16740, upload-time = "2025-11-21T23:01:53.443Z" },
]

[[package]]
name = "finsrov-control"
version = "0.1.0"
source = { editable = "." }
dependencies = [
    { name = "numpy" },
    { name = "osqp" },
    { name = "pyserial" },
    { name = "scipy" },
]

[package.dev-dependencies]
dev = [
    { name = "pytest" },
]

[package.metadata]
requires-dist = [
    { name = "numpy", specifier = ">=1.24" },
    { name = "osqp", specifier = ">=1.0" },
    { name = "pyserial", specifier = ">=3.5" },
    { name = "scipy", specifier = ">=1.10" },
]

[package.metadata.requires-dev]
dev = [{ name = "pytest", specifier = ">=8.0" }]

[[package]]
name = "iniconfig"
version = "2.3.1"
source = { registry = "https://pypi.tuna.tsinghua.edu.cn/simple/" }
sdist = { url = "https://pypi.tuna.tsinghua.edu.cn/packages/01/e1/2069291243c926a2ff1cd706c7f3eeb9b62144bf60f77c9fb9ff2fb26bd3/iniconfig-2.3.1.tar.gz", hash = "sha256:67f4b9c50da0dedf52af349e7749a80a9057a5031199791b906c3bb3ae878960", size = 21209, upload-time = "2026-10-06T22:48:38.076Z" }
wheels = [
    { url = "https://pypi.tuna.tsinghua.edu.cn/packages/56/43/4ca9e49d27a1fcf6bece6f6aec0ea46bb9112489b93d4b688fb415457bdb/iniconfig-2.3.1-py3-none-any.whl", hash = "sha256:9121e2c1fdb355232495be3194c8dfe87ccc2d5dee45947b78e68f499790d7a7", size = 7552, upload-time = "2026-10-06T22:48:36.959Z" },
]

[[package]]
name = "jinja2"
version = "3.1.6"
source = { registry = "https://pypi.tuna.tsinghua.edu.cn/simple/" }
dependencies = [
    { name = "markupsafe" },
]
sdist = { url = "https://pypi.tuna.tsinghua.edu.cn/packages/df/bf/f7da0350254c0ed7c72f3e33cef02e048281fec7ecec5f032d4aac52226b/jinja2-3.1.6.tar.gz", hash = "sha256:0137fb05990d35f1275a587e9aee6d56da821fc83491a0fb838183be43f66d6d", size = 245115, upload-time = "2025-03-05T20:05:02.478Z" }
wheels = [
    { url = "https://pypi.tuna.tsinghua.edu.cn/packages/62/a1/3d680cbfd5f4b8f15abc1d571870c5fc3e594bb582bc3b64ea099db13e56/jinja2-3.1.6-py3-none-any.whl", hash = "sha256:85ece4451f492d0c13c5dd7c13a64681a86afae63a5f347908daf103ce6d2f67", size = 134899, upload-time = "2025-03-05T20:05:00.369Z" },
]

[[package]]
name = "joblib"
version = "1.6.0"
source = { registry = "https://pypi.tuna.tsinghua.edu.cn/simple/" }
dependencies = [
    { name = "cloudpickle" },
]
sdist = { url = "https://pypi.tuna.tsinghua.edu.cn/packages/d5/1d/537ab090f302b838943a1b56497dd53059b9a9b46a074936470173a2e207/joblib-1.6.0.tar.gz", hash = "sha256:2ccc96785b12046c08fd6d55839c12857831b54a3c1673ffadd2f04bfc4eda03", size = 327903, upload-time = "2026-08-31T09:39:04.122Z" }
wheels = [
    { url = "https://pypi.tuna.tsinghua.edu.cn/packages/18/53/84099323c2ec4be98d935f63c033ac4151ee83836ca1050ede3b3aadf155/joblib-1.6.0-py3-none-any.whl", hash = "sha256:3dbbf9f6e4b592a2357b854608e980fe6390d131d7a82f011a377ef2ebef7aba", size = 306115, upload-time = "2026-08-31T09:39:02.298Z" },
]

[[package]]
name = "markupsafe"
version = "3.0.4"
source = { registry = "https://pypi.tuna.tsinghua.edu.cn/simple/" }
sdist = { url = "https://pypi.tuna.tsinghua.edu.cn/packages/38/9b/e422a865e1d5d57d0e509b4e0bf1c1a70a7f6382c29a5aa428df994c8bc8/markupsafe-3.0.4.tar.gz", hash = "sha256:2e9ad7dd851bf45fab9f75cbff4cb493fee9979e8d8c7c9c3ee119022518edd6", size = 153777, upload-time = "2026-10-02T23:07:22.29Z" }
wheels = [
    { url = "https://pypi.tuna.tsinghua.edu.cn/packages/41/aa/9a65962e364bf19745f6bec7bde398fb1f5ca53ad2e734258e6198cc32ba/markupsafe-3.0.4-cp310-cp310-macosx_10_9_x86_64.whl", hash = "sha256:dd8ea6ebee7aedbf7c749fa80521d9ccf1ba473e0d1e14805caafbaad281c889", size = 11521, upload-time = "2026-10-02T23:04:20.141Z" },
    { url = "https://pypi.tuna.tsinghua.edu.cn/packages/14/36/927999a34b7d1def6957de89153d327fedc4030061940b5a468584e6c5a8/markupsafe-3.0.4-cp310-cp310-macosx_11_0_arm64.whl", hash = "sha256:dff05cb7016dff1e9fd68f4122c127b65dfc59de5306cfb7ad92f956f230bee2", size = 12066, upload-time = "2026-10-02T23:04:21.275Z" },
    { url = "https://pypi.tuna.tsinghua.edu.cn/packages/17/54/69e7b0db9bd687bfd83451eed5666384d67cfed3be062bfc59a06a15474e/markupsafe-3.0.4-cp310-cp310-manylinux2014_aarch64.manylinux_2_17_aarch64.manylinux_2_28_aarch64.whl", hash = "sha256:cf63c214fe879a65e69a386f915e36104fc84254ab141240f8854602d8e0be2a", size = 22081, upload-time = "2026-10-02T23:04:22.221Z" },
    { url = "https://pypi.tuna.tsinghua.edu.cn/packages/bd/14/f6f5c97903f7d2db76bbfaced31509a47d360a103b3aaf4849f6536591ec/markupsafe-3.0.4-cp310-cp310-manylinux2014_armv7l.manylinux_2_17_armv7l.manylinux_2_31_armv7l.whl", hash = "sha256:2a6ef68ae94aed8721934072b27a3b654ea2100b97e4ab864cf1489c90926fbc", size = 26079, upload-time = "2026-10-02T23:04:23.346Z" },
    { url = "https://pypi.tuna.tsinghua.edu.cn/packages/d0/04/c3cc9b75f94f8b54d7e503c44cebd4b4a115ec1d6f1b996b999807daba99/markupsafe-3.0.4-cp310-cp310-manylinux2014_ppc64le.manylinux_2_17_ppc64le.manylinux_2_28_ppc64le.whl", hash = "sha256:fd9f8797427910198f95bced71ddfed61130d7e349213bfb8466c9c99e2c46a8", size = 22611, upload-time = "2026-10-02T23:04:24.401Z" },
    { url = "https://pypi.tuna.tsinghua.edu.cn/packages/00/26/c4708ed3b0f08e8e6d7cbce3314ac130cb5352d1f62951b6fef7878f2b1e/markupsafe-3.0.4-cp310-cp310-manylinux2014_x86_64.manylinux_2_17_x86_64.manylinux_2_28_x86_64.whl", hash = "sha256:d1aca03ede943eb80ab3d63bb082c84b7aab85ea83bd0fd0c200260945fb49d9", size = 20712, upload-time = "2026-10-02T23:04:25.386Z" },
    { url = "https://pypi.tuna.tsinghua.edu.cn/packages/d9/b9/f3894d6aae3d7a52c9363317f4baf2fcadc052163d6dbc871266e32639ed/markupsafe-3.0.4-cp310-cp310-manylinux_2_31_riscv64.manylinux_2_39_riscv64.whl", hash = "sha256:0764a13d34cae40db7bbf3a09b7e9b491bf4603e20b263a7a9d6b8e324975d0a", size = 20742, upload-time = "2026-10-02T23:04:26.403Z" },
    { url = "https://pypi.tuna.tsinghua.edu.cn/packages/59/7c/8e248ddbfe286ab6bddb462bdac0851cbb1510d2cbbb815a415fcb0511af/markupsafe-3.0.4-cp310-cp310-musllinux_1_2_aarch64.whl", hash = "sha256:9388003072b95f2f1e3fd908604194d653ba21330d811961a78b7da1a77e9e36", size = 21560, upload-time = "2026-10-02T23:04:27.522Z" },
    { url = "https://pypi.tuna.tsinghua.edu.cn/packages/df/26/2353fef7d4bcf2b18e16bad81979fcecff2915156ca6882447917205b8e2/markupsafe-3.0.4-cp310-cp310-musllinux_1_2_armv7l.whl", hash = "sha256:8698d70a8081ee8c090dbb394768b5789a1da8b131b5499f89d071dd3cfaf6be", size = 20973, upload-time = "2026-10-02T23:04:28.573Z" },
    { url = "https://pypi.tuna.tsinghua.edu.cn/packages/67/6f/a9561d98d9a6ee3494b0b970a1c766e58bab128cc84841d56ec009456dbd/markupsafe-3.0.4-cp310-cp310-musllinux_1_2_ppc64le.whl", hash = "sha256:bf053da3c97a4bc5ecfbb218cdd2983febd91c617be8367d139882aa11e490aa", size = 22036, upload-time = "2026-10-02T23:04:29.568Z" },
    { url = "https://pypi.tuna.tsinghua.edu.cn/packages/55/83/6217df9192eca95af3ff0cad955c9854a93fa43b288cf7411ae24713eb52/markupsafe-3.0.4-cp310-cp310-musllinux_1_2_riscv64.whl", hash = "sha256:9438a2648b2195980cb2dd8e53ed7b8df91319e2d0b70ae61a9e1d1bc8d3bec9", size = 20314, upload-time = "2026-10-02T23:04:30.881Z" },
    { url = "https://pypi.tuna.tsinghua.edu.cn/packages/35/7c/9cd8081dae70e17fdab3558121fa618d459c7950c8abd8fc10fc024486d7/markupsafe-3.0.4-cp310-cp310-musllinux_1_2_x86_64.whl", hash = "sha256:88d59b473bfb03259722600839af9bbd7fa13a2eb514beefeedb95997882f69a", size = 20780, upload-time = "2026-10-02T23:04:31.975Z" },
    { url = "https://pypi.tuna.tsinghua.edu.cn/packages/44/37/c5f2f45f4d8f0c24e4af7b9dc711640c888044cbf5f7e2ba2c0bb74cbb55/markupsafe-3.0.4-cp310-cp310-win32.whl", hash = "sha256:4a540e2d3192792fc84eced57bef37851ccb2b41f73291bb17408eea77bcd278", size = 14096, upload-time = "2026-10-02T23:04:33.129Z" },
    { url = "https://pypi.tuna.tsinghua.edu.cn/packages/50/50/394a1c61c9b9972cb4f76875c332af7109bd39bdad09d3a0ec5327a339dc/markupsafe-3.0.4-cp310-cp310-win_amd64.whl", hash = "sha256:5c22873ad1f0532ba40fa1727f3c0fc1bbbaab6d373d4cbe3f0dc74b2e2521c7", size = 14329, upload-time = "2026-10-02T23:04:34.168Z" },
    { url = "https://pypi.tuna.tsinghua.edu.cn/packages/d1/9a/86d03d2f32ba41a57baa124a7bcb76d0a6d39b1622e9bd4d550074e8b61a/markupsafe-3.0.4-cp310-cp310-win_arm64.whl", hash = "sha256:3d23795802fc8bd72534836d64489bbf0f67c088959091bdb22e10735a5107bf", size = 14196, upload-time = "2026-10-02T23:04:35.201Z" },
]

[[package]]
name = "numpy"
version = "2.2.6"
source = { registry = "https://pypi.tuna.tsinghua.edu.cn/simple/" }
sdist = { url = "https://pypi.tuna.tsinghua.edu.cn/packages/76/21/7d2a95e4bba9dc13d043ee156a356c0a8f0c6309dff6b21b4d71a073b8a8/numpy-2.2.6.tar.gz", hash = "sha256:e29554e2bef54a90aa5cc07da6ce955accb83f21ab5de01a62c8478897b264fd", size = 20276440, upload-time = "2025-05-17T22:38:04.611Z" }
wheels = [
    { url = "https://pypi.tuna.tsinghua.edu.cn/packages/9a/3e/ed6db5be21ce87955c0cbd3009f2803f59fa08df21b5df06862e2d8e2bdd/numpy-2.2.6-cp310-cp310-macosx_10_9_x86_64.whl", hash = "sha256:b412caa66f72040e6d268491a59f2c43bf03eb6c96dd8f0307829feb7fa2b6fb", size = 21165245, upload-time = "2025-05-17T21:27:58.555Z" },
    { url = "https://pypi.tuna.tsinghua.edu.cn/packages/22/c2/4b9221495b2a132cc9d2eb862e21d42a009f5a60e45fc44b00118c174bff/numpy-2.2.6-cp310-cp310-macosx_11_0_arm64.whl", hash = "sha256:8e41fd67c52b86603a91c1a505ebaef50b3314de0213461c7a6e99c9a3beff90", size = 14360048, upload-time = "2025-05-17T21:28:21.406Z" },
    { url = "https://pypi.tuna.tsinghua.edu.cn/packages/fd/77/dc2fcfc66943c6410e2bf598062f5959372735ffda175b39906d54f02349/numpy-2.2.6-cp310-cp310-macosx_14_0_arm64.whl", hash = "sha256:37e990a01ae6ec7fe7fa1c26c55ecb672dd98b19c3d0e1d1f326fa13cb38d163", size = 5340542, upload-time = "2025-05-17T21:28:30.931Z" },
    { url = "https://pypi.tuna.tsinghua.edu.cn/packages/7a/4f/1cb5fdc353a5f5cc7feb692db9b8ec2c3d6405453f982435efc52561df58/numpy-2.2.6-cp310-cp310-macosx_14_0_x86_64.whl", hash = "sha256:5a6429d4be8ca66d889b7cf70f536a397dc45ba6faeb5f8c5427935d9592e9cf", size = 6878301, upload-time = "2025-05-17T21:28:41.613Z" },
    { url = "https://pypi.tuna.tsinghua.edu.cn/packages/eb/17/96a3acd228cec142fcb8723bd3cc39c2a474f7dcf0a5d16731980bcafa95/numpy-2.2.6-cp310-cp310-manylinux_2_17_aarch64.manylinux2014_aarch64.whl", hash = "sha256:efd28d4e9cd7d7a8d39074a4d44c63eda73401580c5c76acda2ce969e0a38e83", size = 14297320, upload-time = "2025-05-17T21:29:02.78Z" },
    { url = "https://pypi.tuna.tsinghua.edu.cn/packages/b4/63/3de6a34ad7ad6646ac7d2f55ebc6ad439dbbf9c4370017c50cf403fb19b5/numpy-2.2.6-cp310-cp310-manylinux_2_17_x86_64.manylinux2014_x86_64.whl", hash = "sha256:fc7b73d02efb0e18c000e9ad8b83480dfcd5dfd11065997ed4c6747470ae8915", size = 16801050, upload-time = "2025-05-17T21:29:27.675Z" },
    { url = "https://pypi.tuna.tsinghua.edu.cn/packages/07/b6/89d837eddef52b3d0cec5c6ba0456c1bf1b9ef6a6672fc2b7873c3ec4e2e/numpy-2.2.6-cp310-cp310-musllinux_1_2_aarch64.whl", hash = "sha256:74d4531beb257d2c3f4b261bfb0fc09e0f9ebb8842d82a7b4209415896adc680", size = 15807034, upload-time = "2025-05-17T21:29:51.102Z" },
    { url = "https://pypi.tuna.tsinghua.edu.cn/packages/01/c8/dc6ae86e3c61cfec1f178e5c9f7858584049b6093f843bca541f94120920/numpy-2.2.6-cp310-cp310-musllinux_1_2_x86_64.whl", hash = "sha256:8fc377d995680230e83241d8a96def29f204b5782f371c532579b4f20607a289", size = 18614185, upload-time = "2025-05-17T21:30:18.703Z" },
    { url = "https://pypi.tuna.tsinghua.edu.cn/packages/5b/c5/0064b1b7e7c89137b471ccec1fd2282fceaae0ab3a9550f2568782d80357/numpy-2.2.6-cp310-cp310-win32.whl", hash = "sha256:b093dd74e50a8cba3e873868d9e93a85b78e0daf2e98c6797566ad8044e8363d", size = 6527149, upload-time = "2025-05-17T21:30:29.788Z" },
    { url = "https://pypi.tuna.tsinghua.edu.cn/packages/a3/dd/4b822569d6b96c39d1215dbae0582fd99954dcbcf0c1a13c61783feaca3f/numpy-2.2.6-cp310-cp310-win_amd64.whl", hash = "sha256:f0fd6321b839904e15c46e0d257fdd101dd7f530fe03fd6359c1ea63738703f3", size = 12904620, upload-time = "2025-05-17T21:30:48.994Z" },
    { url = "https://pypi.tuna.tsinghua.edu.cn/packages/9e/3b/d94a75f4dbf1ef5d321523ecac21ef23a3cd2ac8b78ae2aac40873590229/numpy-2.2.6-pp310-pypy310_pp73-macosx_10_15_x86_64.whl", hash = "sha256:0b605b275d7bd0c640cad4e5d30fa701a8d59302e127e5f79138ad62762c3e3d", size = 21040391, upload-time = "2025-05-17T21:44:35.948Z" },
    { url = "https://pypi.tuna.tsinghua.edu.cn/packages/17/f4/09b2fa1b58f0fb4f7c7963a1649c64c4d315752240377ed74d9cd878f7b5/numpy-2.2.6-pp310-pypy310_pp73-macosx_14_0_x86_64.whl", hash = "sha256:7befc596a7dc9da8a337f79802ee8adb30a552a94f792b9c9d18c840055907db", size = 6786754, upload-time = "2025-05-17T21:44:47.446Z" },
    { url = "https://pypi.tuna.tsinghua.edu.cn/packages/af/30/feba75f143bdc868a1cc3f44ccfa6c4b9ec522b36458e738cd00f67b573f/numpy-2.2.6-pp310-pypy310_pp73-manylinux_2_17_x86_64.manylinux2014_x86_64.whl", hash = "sha256:ce47521a4754c8f4593837384bd3424880629f718d87c5d44f8ed763edd63543", size = 16643476, upload-time = "2025-05-17T21:45:11.871Z" },
    { url = "https://pypi.tuna.tsinghua.edu.cn/packages/37/48/ac2a9584402fb6c0cd5b5d1a91dcf176b15760130dd386bbafdbfe3640bf/numpy-2.2.6-pp310-pypy310_pp73-win_amd64.whl", hash = "sha256:d042d24c90c41b54fd506da306759e06e568864df8ec17ccc17e9e884634fd00", size = 12812666, upload-time = "2025-05-17T21:45:31.426Z" },
]

[[package]]
name = "osqp"
version = "1.1.3"
source = { registry = "https://pypi.tuna.tsinghua.edu.cn/simple/" }
dependencies = [
    { name = "jinja2" },
    { name = "joblib" },
    { name = "numpy" },
    { name = "scipy" },
    { name = "setuptools" },
]
sdist = { url = "https://pypi.tuna.tsinghua.edu.cn/packages/b0/7f/b441062e4766851fdf1d066857134c4c3bcf7e0089e4a1d007b6114cecd5/osqp-1.1.3.tar.gz", hash = "sha256:48f53ef5ec89e6ce99ffa955bc6ea0cf2eec09ea3d40905f0c9fadc939609907", size = 57816, upload-time = "2026-06-12T16:59:27.208Z" }
wheels = [
    { url = "https://pypi.tuna.tsinghua.edu.cn/packages/6f/7f/e3134032e1d6e6f13f6fa19b41a8f74b76655aac1794e64ab6b8ed5f0f5d/osqp-1.1.3-cp310-cp310-macosx_10_9_x86_64.whl", hash = "sha256:0f30aee462d990a29ae9718e6b967db0c6527e0570b3d92db6b46fc6632d0c16", size = 325027, upload-time = "2026-06-12T16:58:37.023Z" },
    { url = "https://pypi.tuna.tsinghua.edu.cn/packages/09/3d/653d1680d5c86b0893729ab4a60491681f21002afd3fb6900cfc5e11ad40/osqp-1.1.3-cp310-cp310-macosx_11_0_arm64.whl", hash = "sha256:7f4ca31c0aa1714580b91404b8dfefef1bf9f4f346b2fa16a455f4ea25f1b631", size = 307180, upload-time = "2026-06-12T16:58:38.679Z" },
    { url = "https://pypi.tuna.tsinghua.edu.cn/packages/d6/5f/f9b795a7613cacecc76c2225da937d941887a00badf675d81ff62c16e9ad/osqp-1.1.3-cp310-cp310-manylinux_2_24_aarch64.manylinux_2_28_aarch64.whl", hash = "sha256:9f48db2468efe5deeaf6433645ea0cadc46c591a3c82301d38cbfe5c8a8599e0", size = 325733, upload-time = "2026-06-12T16:58:39.752Z" },
    { url = "https://pypi.tuna.tsinghua.edu.cn/packages/77/e3/87b7ee18d834267729a245519c80fbc31c7bc74e43ef8f6075669155004c/osqp-1.1.3-cp310-cp310-manylinux_2_24_x86_64.manylinux_2_28_x86_64.whl", hash = "sha256:98e606622d677221d4c31f71804546a5ed561192e60753b434caa6c6a8828f56", size = 350046, upload-time = "2026-06-12T16:58:41.046Z" },
    { url = "https://pypi.tuna.tsinghua.edu.cn/packages/91/35/c188d547c77af98f4d01210d3f250537979a0ef53ef34cb1adfbcc7229fb/osqp-1.1.3-cp310-cp310-win_amd64.whl", hash = "sha256:c2b79b59039f0659ce60282ffe41b6e6d58dbee61ab8cf5c25cad3b386e85bf8", size = 313869, upload-time = "2026-06-12T16:58:42.342Z" },
]

[[package]]
name = "packaging"
version = "26.3"
source = { registry = "https://pypi.tuna.tsinghua.edu.cn/simple/" }
sdist = { url = "https://pypi.tuna.tsinghua.edu.cn/packages/7d/fa/3944b40b07da9ce895c0e6303a5ab7d53da063554f534556b134a54d6093/packaging-26.3.tar.gz", hash = "sha256:94edc256424af38762eb31306eed28beb9f0efc50a8837492c9d6fd6004aed79", size = 313412, upload-time = "2026-08-04T18:15:28.737Z" }
wheels = [
    { url = "https://pypi.tuna.tsinghua.edu.cn/packages/63/34/ba1c580383c9eada3711951fef0795c80b829a078d72188184bcab9dd527/packaging-26.3-py3-none-any.whl", hash = "sha256:d7193f7c8e4e93f444fde0262bf90af30e16fa0ad0ad44cb553c87339b23cd1c", size = 129956, upload-time = "2026-08-04T18:15:27.159Z" },
]

[[package]]
name = "pluggy"
version = "1.6.0"
source = { registry = "https://pypi.tuna.tsinghua.edu.cn/simple/" }
sdist = { url = "https://pypi.tuna.tsinghua.edu.cn/packages/f9/e2/3e91f31a7d2b083fe6ef3fa267035b518369d9511ffab804f839851d2779/pluggy-1.6.0.tar.gz", hash = "sha256:7dcc130b76258d33b90f61b658791dede3486c3e6bfb003ee5c9bfb396dd22f3", size = 69412, upload-time = "2025-05-15T12:30:07.975Z" }
wheels = [
    { url = "https://pypi.tuna.tsinghua.edu.cn/packages/54/20/4d324d65cc6d9205fabedc306948156824eb9f0ee1633355a8f7ec5c66bf/pluggy-1.6.0-py3-none-any.whl", hash = "sha256:e920276dd6813095e9377c0bc5566d94c932c33b27a3e3945d8389c374dd4746", size = 20538, upload-time = "2025-05-15T12:30:06.134Z" },
]

[[package]]
name = "pygments"
version = "2.21.0"
source = { registry = "https://pypi.tuna.tsinghua.edu.cn/simple/" }
sdist = { url = "https://pypi.tuna.tsinghua.edu.cn/packages/49/2e/ced460408999b33da6b31b0021b0f37d329e202d4169aeb164493778f25b/pygments-2.21.0.tar.gz", hash = "sha256:610ca751c9bc2492b38eb9a38a7fbc93edbbb2d7182edaf34e66ae493dee5c8c", size = 5005329, upload-time = "2026-08-17T08:02:48.824Z" }
wheels = [
    { url = "https://pypi.tuna.tsinghua.edu.cn/packages/71/46/17f022dd3e953bf20a04a028a21ec746d942f8d2af30fa0f124fa0e6a684/pygments-2.21.0-py3-none-any.whl", hash = "sha256:2363c69b61c4a97c838da3b130dcd6468f4848992b21a82f2a63ec34377137d9", size = 1250147, upload-time = "2026-08-17T08:02:44.912Z" },
]

[[package]]
name = "pyserial"
version = "3.5"
source = { registry = "https://pypi.tuna.tsinghua.edu.cn/simple/" }
sdist = { url = "https://pypi.tuna.tsinghua.edu.cn/packages/1e/7d/ae3f0a63f41e4d2f6cb66a5b57197850f919f59e558159a4dd3a818f5082/pyserial-3.5.tar.gz", hash = "sha256:3c77e014170dfffbd816e6ffc205e9842efb10be9f58ec16d3e8675b4925cddb", size = 159125, upload-time = "2020-11-23T03:59:15.045Z" }
wheels = [
    { url = "https://pypi.tuna.tsinghua.edu.cn/packages/07/bc/587a445451b253b285629263eb51c2d8e9bcea4fc97826266d186f96f558/pyserial-3.5-py2.py3-none-any.whl", hash = "sha256:c4451db6ba391ca6ca299fb3ec7bae67a5c55dde170964c7a14ceefec02f2cf0", size = 90585, upload-time = "2020-11-23T03:59:13.41Z" },
]

[[package]]
name = "pytest"
version = "9.1.1"
source = { registry = "https://pypi.tuna.tsinghua.edu.cn/simple/" }
dependencies = [
    { name = "colorama", marker = "sys_platform == 'win32'" },
    { name = "exceptiongroup" },
    { name = "iniconfig" },
    { name = "packaging" },
    { name = "pluggy" },
    { name = "pygments" },
    { name = "tomli" },
]
sdist = { url = "https://pypi.tuna.tsinghua.edu.cn/packages/e4/47/b9efed96c114afcfa3c9d3fe98a76a1d14c74a9e266d397cf6eb64be5e01/pytest-9.1.1.tar.gz", hash = "sha256:1088fbde8f2b49d95a549a195707afa7a76a3ce9bcadc26b6d71f0ffda5fe313", size = 1636369, upload-time = "2026-06-19T10:58:32.857Z" }
wheels = [
    { url = "https://pypi.tuna.tsinghua.edu.cn/packages/24/25/1de2678b631f5a49215c6c96fff41ba892b0a34df68d6d80292b1b48aa7f/pytest-9.1.1-py3-none-any.whl", hash = "sha256:37a86b45efb9a47a61a36449063e8e18d0cab3161329fc099eb21783169c4f0c", size = 386536, upload-time = "2026-06-19T10:58:31.347Z" },
]

[[package]]
name = "scipy"
version = "1.15.3"
source = { registry = "https://pypi.tuna.tsinghua.edu.cn/simple/" }
dependencies = [
    { name = "numpy" },
]
sdist = { url = "https://pypi.tuna.tsinghua.edu.cn/packages/0f/37/6964b830433e654ec7485e45a00fc9a27cf868d622838f6b6d9c5ec0d532/scipy-1.15.3.tar.gz", hash = "sha256:eae3cf522bc7df64b42cad3925c876e1b0b6c35c1337c93e12c0f366f55b0eaf", size = 59419214, upload-time = "2025-05-08T16:13:05.955Z" }
wheels = [
    { url = "https://pypi.tuna.tsinghua.edu.cn/packages/78/2f/4966032c5f8cc7e6a60f1b2e0ad686293b9474b65246b0c642e3ef3badd0/scipy-1.15.3-cp310-cp310-macosx_10_13_x86_64.whl", hash = "sha256:a345928c86d535060c9c2b25e71e87c39ab2f22fc96e9636bd74d1dbf9de448c", size = 38702770, upload-time = "2025-05-08T16:04:20.849Z" },
    { url = "https://pypi.tuna.tsinghua.edu.cn/packages/a0/6e/0c3bf90fae0e910c274db43304ebe25a6b391327f3f10b5dcc638c090795/scipy-1.15.3-cp310-cp310-macosx_12_0_arm64.whl", hash = "sha256:ad3432cb0f9ed87477a8d97f03b763fd1d57709f1bbde3c9369b1dff5503b253", size = 30094511, upload-time = "2025-05-08T16:04:27.103Z" },
    { url = "https://pypi.tuna.tsinghua.edu.cn/packages/ea/b1/4deb37252311c1acff7f101f6453f0440794f51b6eacb1aad4459a134081/scipy-1.15.3-cp310-cp310-macosx_14_0_arm64.whl", hash = "sha256:aef683a9ae6eb00728a542b796f52a5477b78252edede72b8327a886ab63293f", size = 22368151, upload-time = "2025-05-08T16:04:31.731Z" },
    { url = "https://pypi.tuna.tsinghua.edu.cn/packages/38/7d/f457626e3cd3c29b3a49ca115a304cebb8cc6f31b04678f03b216899d3c6/scipy-1.15.3-cp310-cp310-macosx_14_0_x86_64.whl", hash = "sha256:1c832e1bd78dea67d5c16f786681b28dd695a8cb1fb90af2e27580d3d0967e92", size = 25121732, upload-time = "2025-05-08T16:04:36.596Z" },
    { url = "https://pypi.tuna.tsinghua.edu.cn/packages/db/0a/92b1de4a7adc7a15dcf5bddc6e191f6f29ee663b30511ce20467ef9b82e4/scipy-1.15.3-cp310-cp310-manylinux_2_17_aarch64.manylinux2014_aarch64.whl", hash = "sha256:263961f658ce2165bbd7b99fa5135195c3a12d9bef045345016b8b50c315cb82", size = 35547617, upload-time = "2025-05-08T16:04:43.546Z" },
    { url = "https://pypi.tuna.tsinghua.edu.cn/packages/8e/6d/41991e503e51fc1134502694c5fa7a1671501a17ffa12716a4a9151af3df/scipy-1.15.3-cp310-cp310-manylinux_2_17_x86_64.manylinux2014_x86_64.whl", hash = "sha256:9e2abc762b0811e09a0d3258abee2d98e0c703eee49464ce0069590846f31d40", size = 37662964, upload-time = "2025-05-08T16:04:49.431Z" },
    { url = "https://pypi.tuna.tsinghua.edu.cn/packages/25/e1/3df8f83cb15f3500478c889be8fb18700813b95e9e087328230b98d547ff/scipy-1.15.3-cp310-cp310-musllinux_1_2_aarch64.whl", hash = "sha256:ed7284b21a7a0c8f1b6e5977ac05396c0d008b89e05498c8b7e8f4a1423bba0e", size = 37238749, upload-time = "2025-05-08T16:04:55.215Z" },
    { url = "https://pypi.tuna.tsinghua.edu.cn/packages/93/3e/b3257cf446f2a3533ed7809757039016b74cd6f38271de91682aa844cfc5/scipy-1.15.3-cp310-cp310-musllinux_1_2_x86_64.whl", hash = "sha256:5380741e53df2c566f4d234b100a484b420af85deb39ea35a1cc1be84ff53a5c", size = 40022383, upload-time = "2025-05-08T16:05:01.914Z" },
    { url = "https://pypi.tuna.tsinghua.edu.cn/packages/d1/84/55bc4881973d3f79b479a5a2e2df61c8c9a04fcb986a213ac9c02cfb659b/scipy-1.15.3-cp310-cp310-win_amd64.whl", hash = "sha256:9d61e97b186a57350f6d6fd72640f9e99d5a4a2b8fbf4b9ee9a841eab327dc13", size = 41259201, upload-time = "2025-05-08T16:05:08.166Z" },
]

[[package]]
name = "setuptools"
version = "84.0.0"
source = { registry = "https://pypi.tuna.tsinghua.edu.cn/simple/" }
sdist = { url = "https://pypi.tuna.tsinghua.edu.cn/packages/6d/44/f5da03a8ef95d369145c5bb53050e7877c9f3d312e128605fd9504829143/setuptools-84.0.0.tar.gz", hash = "sha256:f4695c21257f0d9b537ec2692c941d02ee143b7cc1276941349a546573b2ef73", size = 1168449, upload-time = "2026-08-08T18:27:58.365Z" }
wheels = [
    { url = "https://pypi.tuna.tsinghua.edu.cn/packages/95/9c/c510029fc6ef33a6275cd2c5d3cecd6613dfd6aa401d57c54f1c18852ccf/setuptools-84.0.0-py3-none-any.whl", hash = "sha256:51a52592b3b99e102b609654876bd65f19f999935166d1352678931132b0c670", size = 818216, upload-time = "2026-08-08T18:27:56.719Z" },
]

[[package]]
name = "tomli"
version = "2.5.0"
source = { registry = "https://pypi.tuna.tsinghua.edu.cn/simple/" }
sdist = { url = "https://pypi.tuna.tsinghua.edu.cn/packages/b0/78/9ad63712633ed3ab5cc1a648d863d7e7da371e9425e209555a0fe711b695/tomli-2.5.0.tar.gz", hash = "sha256:264507556cd8b8c8e7c6ee037cdf443a463f03f4c958e57195e3d369711b8ff6", size = 17662, upload-time = "2026-10-07T12:23:37.892Z" }
wheels = [
    { url = "https://pypi.tuna.tsinghua.edu.cn/packages/60/3f/3e3f8fd0919249b0200c80fbc4f9a1e70be19f9883da71dfb7f8b9ab8aca/tomli-2.5.0-py3-none-any.whl", hash = "sha256:32a7b79ac57a2e83670ce329ccf675798bc5a2094783a63676866b70503f2e2b", size = 14765, upload-time = "2026-10-07T12:23:36.875Z" },
]

[[package]]
name = "typing-extensions"
version = "4.16.0"
source = { registry = "https://pypi.tuna.tsinghua.edu.cn/simple/" }
sdist = { url = "https://pypi.tuna.tsinghua.edu.cn/packages/f6/cc/6253133b5bb138fc3306cebfbda2c520f545d36b5be2c7255cc528bb45d6/typing_extensions-4.16.0.tar.gz", hash = "sha256:dc983d19a509c94dba722ee6abd33940f7c05a89e243c47e907eb4db6f1a43e5", size = 113555, upload-time = "2026-07-02T08:40:05.92Z" }
wheels = [
    { url = "https://pypi.tuna.tsinghua.edu.cn/packages/49/d3/b8441a820a491ddfc024b0b0cf0393375b75ea13866d9c66727e54c2fc80/typing_extensions-4.16.0-py3-none-any.whl", hash = "sha256:481caa481374e813c1b176ada14e97f1f67a4539ce9cfeb3f350d78d6370c2e8", size = 45571, upload-time = "2026-07-02T08:40:04.659Z" },
]
